
Microsoft Visual Studio Solution File, Format Version 12.00
# Visual Studio Version 16
VisualStudioVersion = 16.0.31515.178
MinimumVisualStudioVersion = 10.0.40219.1
Project("{2150E333-8FDC-42A3-9474-1A3956D46DE8}") = "Services", "Services", "{9AFEE4EF-B28A-4558-9B02-61758234F2D1}"
EndProject
Project("{2150E333-8FDC-42A3-9474-1A3956D46DE8}") = "Catalog", "Catalog", "{A44ED5F1-D425-4D3C-A71F-6C88E4A1146E}"
EndProject
Project("{9A19103F-16F7-4668-BE54-9A1E7A4F7556}") = "Catalog.API", "Services\Catalog\Catalog.API\Catalog.API.csproj", "{C132EA4C-0C9C-4300-AFE0-A565C36928EB}"
EndProject
Project("{E53339B2-1760-4266-BCC7-CA923CBCF16C}") = "docker-compose", "docker-compose.dcproj", "{C17D9D95-5D03-4433-A143-E1B560894E22}"
EndProject
Project("{2150E333-8FDC-42A3-9474-1A3956D46DE8}") = "Basket", "Basket", "{3B896136-6157-49AF-93CC-82551BF0C997}"
EndProject
Project("{FAE04EC0-301F-11D3-BF4B-00C04F79EFBC}") = "Basket.API", "Services\Basket\Basket.API\Basket.API.csproj", "{67243C92-DF2F-43AF-89B1-BB241206EB80}"
EndProject
Global
	GlobalSection(SolutionConfigurationPlatforms) = preSolution
		Debug|Any CPU = Debug|Any CPU
		Release|Any CPU = Release|Any CPU
	EndGlobalSection
	GlobalSection(ProjectConfigurationPlatforms) = postSolution
		{C132EA4C-0C9C-4300-AFE0-A565C36928EB}.Debug|Any CPU.ActiveCfg = Debug|Any CPU
		{C132EA4C-0C9C-4300-AFE0-A565C36928EB}.Debug|Any CPU.Build.0 = Debug|Any CPU
		{C132EA4C-0C9C-4300-AFE0-A565C36928EB}.Release|Any CPU.ActiveCfg = Release|Any CPU
		{C132EA4C-0C9C-4300-AFE0-A565C36928EB}.Release|Any CPU.Build.0 = Release|Any CPU
		{C17D9D95-5D03-4433-A143-E1B560894E22}.Debug|Any CPU.ActiveCfg = Debug|Any CPU
		{C17D9D95-5D03-4433-A143-E1B560894E22}.Debug|Any CPU.Build.0 = Debug|Any CPU
		{C17D9D95-5D03-4433-A143-E1B560894E22}.Release|Any CPU.ActiveCfg = Release|Any CPU
		{C17D9D95-5D03-4433-A143-E1B560894E22}.Release|Any CPU.Build.0 = Release|Any CPU
		{67243C92-DF2F-43AF-89B1-BB241206EB80}.Debug|Any CPU.ActiveCfg = Debug|Any CPU
		{67243C92-DF2F-43AF-89B1-BB241206EB80}.Debug|Any CPU.Build.0 = Debug|Any CPU
		{67243C92-DF2F-43AF-89B1-BB241206EB80}.Release|Any CPU.ActiveCfg = Release|Any CPU
		{67243C92-DF2F-43AF-89B1-BB241206EB80}.Release|Any CPU.Build.0 = Release|Any CPU
	EndGlobalSection
	GlobalSection(SolutionProperties) = preSolution
		HideSolutionNode = FALSE
	EndGlobalSection
	GlobalSection(NestedProjects) = preSolution
		{A44ED5F1-D425-4D3C-A71F-6C88E4A1146E} = {9AFEE4EF-B28A-4558-9B02-61758234F2D1}
		{C132EA4C-0C9C-4300-AFE0-A565C36928EB} = {A44ED5F1-D425-4D3C-A71F-6C88E4A1146E}
		{3B896136-6157-49AF-93CC-82551BF0C997} = {9AFEE4EF-B28A-4558-9B02-61758234F2D1}
		{67243C92-DF2F-43AF-89B1-BB241206EB80} = {3B896136-6157-49AF-93CC-82551BF0C997}
	EndGlobalSection
	GlobalSection(ExtensibilityGlobals) = postSolution
		SolutionGuid = {EB8FA78D-C404-4DE9-A01E-78EC105DF55E}
	EndGlobalSection
EndGlobal
